
Microsoft Visual Studio Solution File, Format Version 12.00
# Visual Studio Version 16
VisualStudioVersion = 16.0.29230.47
MinimumVisualStudioVersion = 10.0.40219.1
Project("{FAE04EC0-301F-11D3-BF4B-00C04F79EFBC}") = "DictionaryProject", "DictionaryProject\DictionaryProject.csproj", "{1FD0FB1D-A4F1-4882-9D90-2E505B74DC09}"
EndProject
Global
	GlobalSection(SolutionConfigurationPlatforms) = preSolution
		Debug|Any CPU = Debug|Any CPU
		Release|Any CPU = Release|Any CPU
	EndGlobalSection
	GlobalSection(ProjectConfigurationPlatforms) = postSolution
		{1FD0FB1D-A4F1-4882-9D90-2E505B74DC09}.Debug|Any CPU.ActiveCfg = Debug|Any CPU
		{1FD0FB1D-A4F1-4882-9D90-2E505B74DC09}.Debug|Any CPU.Build.0 = Debug|Any CPU
		{1FD0FB1D-A4F1-4882-9D90-2E505B74DC09}.Release|Any CPU.ActiveCfg = Release|Any CPU
		{1FD0FB1D-A4F1-4882-9D90-2E505B74DC09}.Release|Any CPU.Build.0 = Release|Any CPU
	EndGlobalSection
	GlobalSection(SolutionProperties) = preSolution
		HideSolutionNode = FALSE
	EndGlobalSection
	GlobalSection(ExtensibilityGlobals) = postSolution
		SolutionGuid = {CDD075AA-4934-4394-AE9E-8C5F3300E05F}
	EndGlobalSection
EndGlobal
