
Microsoft Visual Studio Solution File, Format Version 12.00
# Visual Studio Version 16
VisualStudioVersion = 16.0.29306.81
MinimumVisualStudioVersion = 10.0.40219.1
Project("{FAE04EC0-301F-11D3-BF4B-00C04F79EFBC}") = "LinqApp", "LinqApp\LinqApp.csproj", "{A65FBE9D-C168-469B-B864-60C5DD783B67}"
EndProject
Global
	GlobalSection(SolutionConfigurationPlatforms) = preSolution
		Debug|Any CPU = Debug|Any CPU
		Release|Any CPU = Release|Any CPU
	EndGlobalSection
	GlobalSection(ProjectConfigurationPlatforms) = postSolution
		{A65FBE9D-C168-469B-B864-60C5DD783B67}.Debug|Any CPU.ActiveCfg = Debug|Any CPU
		{A65FBE9D-C168-469B-B864-60C5DD783B67}.Debug|Any CPU.Build.0 = Debug|Any CPU
		{A65FBE9D-C168-469B-B864-60C5DD783B67}.Release|Any CPU.ActiveCfg = Release|Any CPU
		{A65FBE9D-C168-469B-B864-60C5DD783B67}.Release|Any CPU.Build.0 = Release|Any CPU
	EndGlobalSection
	GlobalSection(SolutionProperties) = preSolution
		HideSolutionNode = FALSE
	EndGlobalSection
	GlobalSection(ExtensibilityGlobals) = postSolution
		SolutionGuid = {B26E7306-2E43-41EE-BB8F-098543616F7B}
	EndGlobalSection
EndGlobal
